DEPENDENCIES
  dhcp
    path: .
    metadata: true
  dhcp_net_setup
    path: test/cookbooks/dhcp_net_setup
  ubuntu

GRAPH
  apt (2.4.0)
  dhcp (3.0.0)
    helpers-databags (>= 0.0.0)
    ruby-helper (>= 0.0.0)
  dhcp_net_setup (1.0.0)
  helpers-databags (1.0.0)
  ruby-helper (0.0.1)
  ubuntu (1.1.6)
    apt (>= 0.0.0)
